{
  "name": "SAM-VERSION2",
  "lockfileVersion": 2,
  "requires": true,
  "packages": {
    "": {
      "dependencies": {
        "@gouvfr/dsfr": "^1.7.1",
        "paginationjs": "^2.1.5",
        "tui-pagination": "^3.4.1"
      }
    },
    "node_modules/@gouvfr/dsfr": {
      "version": "1.7.1",
      "resolved": "https://registry.npmjs.org/@gouvfr/dsfr/-/dsfr-1.7.1.tgz",
      "integrity": "sha512-Lwox87JFcOjsp1MNrW8sf7a0rWevzGloWt7pkXih8rFEyBhmwrEFuXKF4xdOvOCuVO6eYZsrYTREK/RY8u4Qnw==",
      "engines": {
        "node": ">=14.18.0"
      }
    },
    "node_modules/paginationjs": {
      "version": "2.1.5",
      "resolved": "https://registry.npmjs.org/paginationjs/-/paginationjs-2.1.5.tgz",
      "integrity": "sha512-2RJW/o8bADFk6HwuoeJzgUndWvuWaZRdumu1QAc2gdA+/ZQLRcZZ6goz7m2cx2uoy0XReF/7X4vrVTZvqLDPrw=="
    },
    "node_modules/tui-pagination": {
      "version": "3.4.1",
      "resolved": "https://registry.npmjs.org/tui-pagination/-/tui-pagination-3.4.1.tgz",
      "integrity": "sha512-W09L0wPMSFstthBhQjcLNDnN1yuCEDn/tIXmaKdTpNFYa11eNrNo/rOwXzrugXvP2arZ60KmVhkFzoAOEuV0Sg=="
    }
  },
  "dependencies": {
    "@gouvfr/dsfr": {
      "version": "1.7.1",
      "resolved": "https://registry.npmjs.org/@gouvfr/dsfr/-/dsfr-1.7.1.tgz",
      "integrity": "sha512-Lwox87JFcOjsp1MNrW8sf7a0rWevzGloWt7pkXih8rFEyBhmwrEFuXKF4xdOvOCuVO6eYZsrYTREK/RY8u4Qnw=="
    },
    "paginationjs": {
      "version": "2.1.5",
      "resolved": "https://registry.npmjs.org/paginationjs/-/paginationjs-2.1.5.tgz",
      "integrity": "sha512-2RJW/o8bADFk6HwuoeJzgUndWvuWaZRdumu1QAc2gdA+/ZQLRcZZ6goz7m2cx2uoy0XReF/7X4vrVTZvqLDPrw=="
    },
    "tui-pagination": {
      "version": "3.4.1",
      "resolved": "https://registry.npmjs.org/tui-pagination/-/tui-pagination-3.4.1.tgz",
      "integrity": "sha512-W09L0wPMSFstthBhQjcLNDnN1yuCEDn/tIXmaKdTpNFYa11eNrNo/rOwXzrugXvP2arZ60KmVhkFzoAOEuV0Sg=="
    }
  }
}
